
Microsoft Visual Studio Solution File, Format Version 12.00
Project("{FAE04EC0-301F-11D3-BF4B-00C04F79EFBC}") = "TaskResolve", "TaskResolve\TaskResolve.csproj", "{CFB61E87-F061-43E1-B4B6-74509105F3A3}"
EndProject
Global
	GlobalSection(SolutionConfigurationPlatforms) = preSolution
		Debug|Any CPU = Debug|Any CPU
		Release|Any CPU = Release|Any CPU
	EndGlobalSection
	GlobalSection(ProjectConfigurationPlatforms) = postSolution
		{CFB61E87-F061-43E1-B4B6-74509105F3A3}.Debug|Any CPU.ActiveCfg = Debug|Any CPU
		{CFB61E87-F061-43E1-B4B6-74509105F3A3}.Debug|Any CPU.Build.0 = Debug|Any CPU
		{CFB61E87-F061-43E1-B4B6-74509105F3A3}.Release|Any CPU.ActiveCfg = Release|Any CPU
		{CFB61E87-F061-43E1-B4B6-74509105F3A3}.Release|Any CPU.Build.0 = Release|Any CPU
	EndGlobalSection
EndGlobal
